
Microsoft Visual Studio Solution File, Format Version 12.00
# Visual Studio Version 17
VisualStudioVersion = 17.2.32616.157
MinimumVisualStudioVersion = 10.0.40219.1
Project("{FAE04EC0-301F-11D3-BF4B-00C04F79EFBC}") = "ConcurrencyLimitSample", "ConcurrencyLimitSample.csproj", "{CBEDE76A-EB5A-4AA0-9DE6-EE84AE85CABB}"
EndProject
Global
	GlobalSection(SolutionConfigurationPlatforms) = preSolution
		Debug|Any CPU = Debug|Any CPU
		Release|Any CPU = Release|Any CPU
	EndGlobalSection
	GlobalSection(ProjectConfigurationPlatforms) = postSolution
		{CBEDE76A-EB5A-4AA0-9DE6-EE84AE85CABB}.Debug|Any CPU.ActiveCfg = Debug|Any CPU
		{CBEDE76A-EB5A-4AA0-9DE6-EE84AE85CABB}.Debug|Any CPU.Build.0 = Debug|Any CPU
		{CBEDE76A-EB5A-4AA0-9DE6-EE84AE85CABB}.Release|Any CPU.ActiveCfg = Release|Any CPU
		{CBEDE76A-EB5A-4AA0-9DE6-EE84AE85CABB}.Release|Any CPU.Build.0 = Release|Any CPU
	EndGlobalSection
	GlobalSection(SolutionProperties) = preSolution
		HideSolutionNode = FALSE
	EndGlobalSection
	GlobalSection(ExtensibilityGlobals) = postSolution
		SolutionGuid = {FA50100D-50FC-433E-BC37-53758C6C2196}
	EndGlobalSection
EndGlobal
